
Microsoft Visual Studio Solution File, Format Version 12.00
# Visual Studio Version 17
VisualStudioVersion = 17.13.35825.156 d17.13
MinimumVisualStudioVersion = 10.0.40219.1
Project("{FAE04EC0-301F-11D3-BF4B-00C04F79EFBC}") = "Sharp_Blast", "Sharp_Blast.csproj", "{326490CD-3CF5-42DC-BA83-0C652F8448F0}"
EndProject
Global
	GlobalSection(SolutionConfigurationPlatforms) = preSolution
		Debug|Any CPU = Debug|Any CPU
		Release|Any CPU = Release|Any CPU
	EndGlobalSection
	GlobalSection(ProjectConfigurationPlatforms) = postSolution
		{326490CD-3CF5-42DC-BA83-0C652F8448F0}.Debug|Any CPU.ActiveCfg = Debug|Any CPU
		{326490CD-3CF5-42DC-BA83-0C652F8448F0}.Debug|Any CPU.Build.0 = Debug|Any CPU
		{326490CD-3CF5-42DC-BA83-0C652F8448F0}.Debug|Any CPU.Deploy.0 = Debug|Any CPU
		{326490CD-3CF5-42DC-BA83-0C652F8448F0}.Release|Any CPU.ActiveCfg = Release|Any CPU
		{326490CD-3CF5-42DC-BA83-0C652F8448F0}.Release|Any CPU.Build.0 = Release|Any CPU
		{326490CD-3CF5-42DC-BA83-0C652F8448F0}.Release|Any CPU.Deploy.0 = Release|Any CPU
	EndGlobalSection
	GlobalSection(SolutionProperties) = preSolution
		HideSolutionNode = FALSE
	EndGlobalSection
	GlobalSection(ExtensibilityGlobals) = postSolution
		SolutionGuid = {40F65D41-C447-41D5-A8E5-129DD534FA51}
	EndGlobalSection
EndGlobal
